{
  "name": "looot-cookbook",
  "version": "0.1.0",
  "lockfileVersion": 3,
  "requires": true,
  "packages": {
    "": {
      "name": "looot-cookbook",
      "version": "0.1.0",
      "license": "MIT",
      "dependencies": {
        "looot-js": "github:loootai/looot-js#09d843ed22df723cecbba17cf52fde9147aea765"
      },
      "engines": {
        "node": ">=22.18"
      }
    },
    "node_modules/looot-js": {
      "version": "0.1.0",
      "resolved": "git+https://github.com/loootai/looot-js.git#09d843ed22df723cecbba17cf52fde9147aea765",
      "integrity": "sha512-Eosd0UiecMIhfhp9d04uhnA1CLepm8du9a6GqoniZI1C2jIroccmFYKD9UkNJIuM+QkKUXyUdClnnMfi76ixlg==",
      "license": "MIT",
      "engines": {
        "node": ">=22.18"
      }
    }
  }
}
