{
  "name": "looot-cookbook",
  "version": "0.1.0",
  "lockfileVersion": 3,
  "requires": true,
  "packages": {
    "": {
      "name": "looot-cookbook",
      "version": "0.1.0",
      "license": "SEE LICENSE IN LICENSE",
      "dependencies": {
        "looot-js": "file:../looot-js"
      },
      "engines": {
        "node": ">=22.18"
      }
    },
    "../looot-js": {
      "version": "0.1.0",
      "license": "SEE LICENSE IN LICENSE",
      "devDependencies": {
        "typescript": "5.9.3"
      },
      "engines": {
        "node": ">=22.18"
      }
    },
    "node_modules/looot-js": {
      "resolved": "../looot-js",
      "link": true
    }
  }
}
